
Microsoft Visual Studio Solution File, Format Version 12.00
# Visual Studio Version 16
VisualStudioVersion = 16.6.30114.105
MinimumVisualStudioVersion = 10.0.40219.1
Project("{F2A71F9B-5D33-465A-A702-920D77279786}") = "command-parser", "src\command-parser.fsproj", "{66019A6A-376C-45E1-A56E-F214D519C4A3}"
EndProject
Project("{F2A71F9B-5D33-465A-A702-920D77279786}") = "test", "test\test.fsproj", "{1B5CACC4-2FFA-46CB-88FC-AED39B89F4CB}"
EndProject
Global
	GlobalSection(SolutionConfigurationPlatforms) = preSolution
		Debug|Any CPU = Debug|Any CPU
		Debug|x64 = Debug|x64
		Debug|x86 = Debug|x86
		Release|Any CPU = Release|Any CPU
		Release|x64 = Release|x64
		Release|x86 = Release|x86
	EndGlobalSection
	GlobalSection(SolutionProperties) = preSolution
		HideSolutionNode = FALSE
	EndGlobalSection
	GlobalSection(ProjectConfigurationPlatforms) = postSolution
		{66019A6A-376C-45E1-A56E-F214D519C4A3}.Debug|Any CPU.ActiveCfg = Debug|Any CPU
		{66019A6A-376C-45E1-A56E-F214D519C4A3}.Debug|Any CPU.Build.0 = Debug|Any CPU
		{66019A6A-376C-45E1-A56E-F214D519C4A3}.Debug|x64.ActiveCfg = Debug|Any CPU
		{66019A6A-376C-45E1-A56E-F214D519C4A3}.Debug|x64.Build.0 = Debug|Any CPU
		{66019A6A-376C-45E1-A56E-F214D519C4A3}.Debug|x86.ActiveCfg = Debug|Any CPU
		{66019A6A-376C-45E1-A56E-F214D519C4A3}.Debug|x86.Build.0 = Debug|Any CPU
		{66019A6A-376C-45E1-A56E-F214D519C4A3}.Release|Any CPU.ActiveCfg = Release|Any CPU
		{66019A6A-376C-45E1-A56E-F214D519C4A3}.Release|Any CPU.Build.0 = Release|Any CPU
		{66019A6A-376C-45E1-A56E-F214D519C4A3}.Release|x64.ActiveCfg = Release|Any CPU
		{66019A6A-376C-45E1-A56E-F214D519C4A3}.Release|x64.Build.0 = Release|Any CPU
		{66019A6A-376C-45E1-A56E-F214D519C4A3}.Release|x86.ActiveCfg = Release|Any CPU
		{66019A6A-376C-45E1-A56E-F214D519C4A3}.Release|x86.Build.0 = Release|Any CPU
		{1B5CACC4-2FFA-46CB-88FC-AED39B89F4CB}.Debug|Any CPU.ActiveCfg = Debug|Any CPU
		{1B5CACC4-2FFA-46CB-88FC-AED39B89F4CB}.Debug|Any CPU.Build.0 = Debug|Any CPU
		{1B5CACC4-2FFA-46CB-88FC-AED39B89F4CB}.Debug|x64.ActiveCfg = Debug|Any CPU
		{1B5CACC4-2FFA-46CB-88FC-AED39B89F4CB}.Debug|x64.Build.0 = Debug|Any CPU
		{1B5CACC4-2FFA-46CB-88FC-AED39B89F4CB}.Debug|x86.ActiveCfg = Debug|Any CPU
		{1B5CACC4-2FFA-46CB-88FC-AED39B89F4CB}.Debug|x86.Build.0 = Debug|Any CPU
		{1B5CACC4-2FFA-46CB-88FC-AED39B89F4CB}.Release|Any CPU.ActiveCfg = Release|Any CPU
		{1B5CACC4-2FFA-46CB-88FC-AED39B89F4CB}.Release|Any CPU.Build.0 = Release|Any CPU
		{1B5CACC4-2FFA-46CB-88FC-AED39B89F4CB}.Release|x64.ActiveCfg = Release|Any CPU
		{1B5CACC4-2FFA-46CB-88FC-AED39B89F4CB}.Release|x64.Build.0 = Release|Any CPU
		{1B5CACC4-2FFA-46CB-88FC-AED39B89F4CB}.Release|x86.ActiveCfg = Release|Any CPU
		{1B5CACC4-2FFA-46CB-88FC-AED39B89F4CB}.Release|x86.Build.0 = Release|Any CPU
	EndGlobalSection
EndGlobal
